
Microsoft Visual Studio Solution File, Format Version 12.00
# Visual Studio Version 17
VisualStudioVersion = 17.10.35122.118
MinimumVisualStudioVersion = 10.0.40219.1
Project("{FAE04EC0-301F-11D3-BF4B-00C04F79EFBC}") = "FootBall-Simulator-Game2", "FootBall-Simulator-Game2.csproj", "{D6B9C498-E7E1-4099-BB89-281A7F1B6790}"
EndProject
Global
	GlobalSection(SolutionConfigurationPlatforms) = preSolution
		Debug|Any CPU = Debug|Any CPU
		Release|Any CPU = Release|Any CPU
	EndGlobalSection
	GlobalSection(ProjectConfigurationPlatforms) = postSolution
		{D6B9C498-E7E1-4099-BB89-281A7F1B6790}.Debug|Any CPU.ActiveCfg = Debug|Any CPU
		{D6B9C498-E7E1-4099-BB89-281A7F1B6790}.Debug|Any CPU.Build.0 = Debug|Any CPU
		{D6B9C498-E7E1-4099-BB89-281A7F1B6790}.Release|Any CPU.ActiveCfg = Release|Any CPU
		{D6B9C498-E7E1-4099-BB89-281A7F1B6790}.Release|Any CPU.Build.0 = Release|Any CPU
	EndGlobalSection
	GlobalSection(SolutionProperties) = preSolution
		HideSolutionNode = FALSE
	EndGlobalSection
	GlobalSection(ExtensibilityGlobals) = postSolution
		SolutionGuid = {B3E037B4-772E-41AE-9CE4-623BBA32B11A}
	EndGlobalSection
EndGlobal
